
Microsoft Visual Studio Solution File, Format Version 12.00
# Visual Studio Version 17
VisualStudioVersion = 17.10.35027.167
MinimumVisualStudioVersion = 10.0.40219.1
Project("{9A19103F-16F7-4668-BE54-9A1E7A4F7556}") = "PomodoroAppBackend", "PomodoroAppBackend\PomodoroAppBackend.csproj", "{C6FB5C64-2C23-4967-8C4F-0FDB7D6561D0}"
EndProject
Project("{2150E333-8FDC-42A3-9474-1A3956D46DE8}") = "Solution Items", "Solution Items", "{CC119E0D-6462-409A-8225-4D3463873C6B}"
	ProjectSection(SolutionItems) = preProject
		.gitignore = .gitignore
	EndProjectSection
EndProject
Global
	GlobalSection(SolutionConfigurationPlatforms) = preSolution
		Debug|Any CPU = Debug|Any CPU
		Release|Any CPU = Release|Any CPU
	EndGlobalSection
	GlobalSection(ProjectConfigurationPlatforms) = postSolution
		{C6FB5C64-2C23-4967-8C4F-0FDB7D6561D0}.Debug|Any CPU.ActiveCfg = Debug|Any CPU
		{C6FB5C64-2C23-4967-8C4F-0FDB7D6561D0}.Debug|Any CPU.Build.0 = Debug|Any CPU
		{C6FB5C64-2C23-4967-8C4F-0FDB7D6561D0}.Release|Any CPU.ActiveCfg = Release|Any CPU
		{C6FB5C64-2C23-4967-8C4F-0FDB7D6561D0}.Release|Any CPU.Build.0 = Release|Any CPU
	EndGlobalSection
	GlobalSection(SolutionProperties) = preSolution
		HideSolutionNode = FALSE
	EndGlobalSection
	GlobalSection(ExtensibilityGlobals) = postSolution
		SolutionGuid = {47423560-9DBE-4600-98EA-D388EF0F1B09}
	EndGlobalSection
EndGlobal
